
Microsoft Visual Studio Solution File, Format Version 12.00
# Visual Studio Version 16
VisualStudioVersion = 16.0.30406.217
MinimumVisualStudioVersion = 10.0.40219.1
Project("{FAE04EC0-301F-11D3-BF4B-00C04F79EFBC}") = "Task 3", "Task 3\Task 3.csproj", "{3C6FB38C-E53B-4E77-B668-684EA31BE0A6}"
EndProject
Global
	GlobalSection(SolutionConfigurationPlatforms) = preSolution
		Debug|Any CPU = Debug|Any CPU
		Release|Any CPU = Release|Any CPU
	EndGlobalSection
	GlobalSection(ProjectConfigurationPlatforms) = postSolution
		{3C6FB38C-E53B-4E77-B668-684EA31BE0A6}.Debug|Any CPU.ActiveCfg = Debug|Any CPU
		{3C6FB38C-E53B-4E77-B668-684EA31BE0A6}.Debug|Any CPU.Build.0 = Debug|Any CPU
		{3C6FB38C-E53B-4E77-B668-684EA31BE0A6}.Release|Any CPU.ActiveCfg = Release|Any CPU
		{3C6FB38C-E53B-4E77-B668-684EA31BE0A6}.Release|Any CPU.Build.0 = Release|Any CPU
	EndGlobalSection
	GlobalSection(SolutionProperties) = preSolution
		HideSolutionNode = FALSE
	EndGlobalSection
	GlobalSection(ExtensibilityGlobals) = postSolution
		SolutionGuid = {48A8948D-77B9-43E0-ADD1-68717F8FB9A8}
	EndGlobalSection
EndGlobal
