
Microsoft Visual Studio Solution File, Format Version 12.00
# Visual Studio Version 16
VisualStudioVersion = 16.0.30406.217
MinimumVisualStudioVersion = 10.0.40219.1
Project("{FAE04EC0-301F-11D3-BF4B-00C04F79EFBC}") = "Task 1.2", "Task 1.2\Task 1.2.csproj", "{38D2C3AD-A489-47F1-8CDE-5FB0D5AB84C2}"
EndProject
Global
	GlobalSection(SolutionConfigurationPlatforms) = preSolution
		Debug|Any CPU = Debug|Any CPU
		Release|Any CPU = Release|Any CPU
	EndGlobalSection
	GlobalSection(ProjectConfigurationPlatforms) = postSolution
		{38D2C3AD-A489-47F1-8CDE-5FB0D5AB84C2}.Debug|Any CPU.ActiveCfg = Debug|Any CPU
		{38D2C3AD-A489-47F1-8CDE-5FB0D5AB84C2}.Debug|Any CPU.Build.0 = Debug|Any CPU
		{38D2C3AD-A489-47F1-8CDE-5FB0D5AB84C2}.Release|Any CPU.ActiveCfg = Release|Any CPU
		{38D2C3AD-A489-47F1-8CDE-5FB0D5AB84C2}.Release|Any CPU.Build.0 = Release|Any CPU
	EndGlobalSection
	GlobalSection(SolutionProperties) = preSolution
		HideSolutionNode = FALSE
	EndGlobalSection
	GlobalSection(ExtensibilityGlobals) = postSolution
		SolutionGuid = {CAD43A92-3932-4A9F-BBD8-B26B0AF1C8A1}
	EndGlobalSection
EndGlobal
